
Microsoft Visual Studio Solution File, Format Version 12.00
# Visual Studio Version 17
VisualStudioVersion = 17.11.35303.130
MinimumVisualStudioVersion = 10.0.40219.1
Project("{00D1A9C2-B5F0-4AF3-8072-F6C62B433612}") = "ClubeBeneficios.Database", "ClubeBeneficios.Database.sqlproj", "{58740122-058A-495C-B507-796BFBAE0998}"
EndProject
Global
	GlobalSection(SolutionConfigurationPlatforms) = preSolution
		Debug|Any CPU = Debug|Any CPU
	EndGlobalSection
	GlobalSection(ProjectConfigurationPlatforms) = postSolution
		{58740122-058A-495C-B507-796BFBAE0998}.Debug|Any CPU.ActiveCfg = Debug|Any CPU
		{58740122-058A-495C-B507-796BFBAE0998}.Debug|Any CPU.Build.0 = Debug|Any CPU
		{58740122-058A-495C-B507-796BFBAE0998}.Debug|Any CPU.Deploy.0 = Debug|Any CPU
	EndGlobalSection
	GlobalSection(SolutionProperties) = preSolution
		HideSolutionNode = FALSE
	EndGlobalSection
	GlobalSection(ExtensibilityGlobals) = postSolution
		SolutionGuid = {31CEC686-DFF8-4318-984D-489C94CD793A}
	EndGlobalSection
EndGlobal
